
Microsoft Visual Studio Solution File, Format Version 12.00
# Visual Studio Version 17
VisualStudioVersion = 17.13.36105.23
MinimumVisualStudioVersion = 10.0.40219.1
Project("{FAE04EC0-301F-11D3-BF4B-00C04F79EFBC}") = "AppWeb", "AppWeb.csproj", "{78442878-8A63-45F3-BC8C-0D104D1103E3}"
EndProject
Global
	GlobalSection(SolutionConfigurationPlatforms) = preSolution
		Debug|Any CPU = Debug|Any CPU
		Release|Any CPU = Release|Any CPU
	EndGlobalSection
	GlobalSection(ProjectConfigurationPlatforms) = postSolution
		{78442878-8A63-45F3-BC8C-0D104D1103E3}.Debug|Any CPU.ActiveCfg = Debug|Any CPU
		{78442878-8A63-45F3-BC8C-0D104D1103E3}.Debug|Any CPU.Build.0 = Debug|Any CPU
		{78442878-8A63-45F3-BC8C-0D104D1103E3}.Release|Any CPU.ActiveCfg = Release|Any CPU
		{78442878-8A63-45F3-BC8C-0D104D1103E3}.Release|Any CPU.Build.0 = Release|Any CPU
	EndGlobalSection
	GlobalSection(SolutionProperties) = preSolution
		HideSolutionNode = FALSE
	EndGlobalSection
	GlobalSection(ExtensibilityGlobals) = postSolution
		SolutionGuid = {1F8582DA-E0E3-441A-8CDF-5517952192B6}
	EndGlobalSection
EndGlobal
